{
  "object": {
    "pins": [
      {
        "package": "Android",
        "repositoryURL": "https://github.com/scade-platform/swift-android.git",
        "state": {
          "branch": "android/24",
          "revision": "d20d4c4948b3bc6f4f54fa3f2c9023ede32d7f7b",
          "version": null
        }
      },
      {
        "package": "Java",
        "repositoryURL": "https://github.com/scade-platform/swift-java.git",
        "state": {
          "branch": "main",
          "revision": "f433aa076a60391346a3f4b51408307e0a613325",
          "version": null
        }
      }
    ]
  },
  "version": 1
}
